# This file is automatically @generated by Poetry 1.5.1 and should not be changed by hand.

[[package]]
name = "madpython"
version = "1.0.0"
description = "A simple printer of day2 lists"
optional = false
python-versions = "*"
files = [
    {file = "madPython-1.0.0.zip", hash = "sha256:ada0102a07aa1de800fdd702a4e5f3610d0b586b669ad07ece518d8ff7bad4bd"},
]

[metadata]
lock-version = "2.0"
python-versions = ">=3.10.0,<3.11"
content-hash = "dbd8709cedd48c9441628cdebbb67262ec0724833776609ab06c3b386a18261f"
